
Microsoft Visual Studio Solution File, Format Version 12.00
# Visual Studio Version 17
VisualStudioVersion = 17.0.32112.339
MinimumVisualStudioVersion = 10.0.40219.1
Project("{FAE04EC0-301F-11D3-BF4B-00C04F79EFBC}") = "ContosoUniversity", "ContosoUniversity\ContosoUniversity.csproj", "{BC8FB337-A290-46D3-BE04-40D1529A085F}"
EndProject
Global
	GlobalSection(SolutionConfigurationPlatforms) = preSolution
		Debug|Any CPU = Debug|Any CPU
		Release|Any CPU = Release|Any CPU
	EndGlobalSection
	GlobalSection(ProjectConfigurationPlatforms) = postSolution
		{BC8FB337-A290-46D3-BE04-40D1529A085F}.Debug|Any CPU.ActiveCfg = Debug|Any CPU
		{BC8FB337-A290-46D3-BE04-40D1529A085F}.Debug|Any CPU.Build.0 = Debug|Any CPU
		{BC8FB337-A290-46D3-BE04-40D1529A085F}.Release|Any CPU.ActiveCfg = Release|Any CPU
		{BC8FB337-A290-46D3-BE04-40D1529A085F}.Release|Any CPU.Build.0 = Release|Any CPU
	EndGlobalSection
	GlobalSection(SolutionProperties) = preSolution
		HideSolutionNode = FALSE
	EndGlobalSection
	GlobalSection(ExtensibilityGlobals) = postSolution
		SolutionGuid = {87056DB3-1FB5-4C3E-84A0-6A7C82D0DDA3}
	EndGlobalSection
EndGlobal
